
Microsoft Visual Studio Solution File, Format Version 12.00
# Visual Studio Version 16
VisualStudioVersion = 16.0.32630.194
MinimumVisualStudioVersion = 10.0.40219.1
Project("{FAE04EC0-301F-11D3-BF4B-00C04F79EFBC}") = "MatchGame", "MatchGame\MatchGame.csproj", "{EE5C04CB-50AC-4D92-9B5A-08A5C5A88631}"
EndProject
Global
	GlobalSection(SolutionConfigurationPlatforms) = preSolution
		Debug|Any CPU = Debug|Any CPU
		Release|Any CPU = Release|Any CPU
	EndGlobalSection
	GlobalSection(ProjectConfigurationPlatforms) = postSolution
		{EE5C04CB-50AC-4D92-9B5A-08A5C5A88631}.Debug|Any CPU.ActiveCfg = Debug|Any CPU
		{EE5C04CB-50AC-4D92-9B5A-08A5C5A88631}.Debug|Any CPU.Build.0 = Debug|Any CPU
		{EE5C04CB-50AC-4D92-9B5A-08A5C5A88631}.Release|Any CPU.ActiveCfg = Release|Any CPU
		{EE5C04CB-50AC-4D92-9B5A-08A5C5A88631}.Release|Any CPU.Build.0 = Release|Any CPU
	EndGlobalSection
	GlobalSection(SolutionProperties) = preSolution
		HideSolutionNode = FALSE
	EndGlobalSection
	GlobalSection(ExtensibilityGlobals) = postSolution
		SolutionGuid = {A4DDC714-318A-4404-8648-12D7D8C74863}
	EndGlobalSection
EndGlobal
